
Microsoft Visual Studio Solution File, Format Version 12.00
# Visual Studio Version 17
VisualStudioVersion = 17.14.36518.9
MinimumVisualStudioVersion = 10.0.40219.1
Project("{FAE04EC0-301F-11D3-BF4B-00C04F79EFBC}") = "SMTP Service", "SMTP Service\SMTP Service.csproj", "{5348D3ED-BE4F-4459-9FD5-1B1BFCC1EB04}"
EndProject
Project("{FAE04EC0-301F-11D3-BF4B-00C04F79EFBC}") = "SMTPServiceUpdater", "SMTPServiceUpdater\SMTPServiceUpdater.csproj", "{4B9CBC43-147E-41B8-A37D-000E047DF79B}"
EndProject
Global
	GlobalSection(SolutionConfigurationPlatforms) = preSolution
		Debug|Any CPU = Debug|Any CPU
		Release|Any CPU = Release|Any CPU
	EndGlobalSection
	GlobalSection(ProjectConfigurationPlatforms) = postSolution
		{5348D3ED-BE4F-4459-9FD5-1B1BFCC1EB04}.Debug|Any CPU.ActiveCfg = Debug|Any CPU
		{5348D3ED-BE4F-4459-9FD5-1B1BFCC1EB04}.Debug|Any CPU.Build.0 = Debug|Any CPU
		{5348D3ED-BE4F-4459-9FD5-1B1BFCC1EB04}.Release|Any CPU.ActiveCfg = Release|Any CPU
		{5348D3ED-BE4F-4459-9FD5-1B1BFCC1EB04}.Release|Any CPU.Build.0 = Release|Any CPU
		{4B9CBC43-147E-41B8-A37D-000E047DF79B}.Debug|Any CPU.ActiveCfg = Debug|Any CPU
		{4B9CBC43-147E-41B8-A37D-000E047DF79B}.Debug|Any CPU.Build.0 = Debug|Any CPU
		{4B9CBC43-147E-41B8-A37D-000E047DF79B}.Release|Any CPU.ActiveCfg = Release|Any CPU
		{4B9CBC43-147E-41B8-A37D-000E047DF79B}.Release|Any CPU.Build.0 = Release|Any CPU
	EndGlobalSection
	GlobalSection(SolutionProperties) = preSolution
		HideSolutionNode = FALSE
	EndGlobalSection
	GlobalSection(ExtensibilityGlobals) = postSolution
		SolutionGuid = {46C0E80F-F879-48B5-BA2B-CFF8BC602E08}
	EndGlobalSection
EndGlobal
